// !$*UTF8*$!
{
	archiveVersion = 1;
	classes = {
	};
	objectVersion = 50;
	objects = {

/* Begin PBXBuildFile section */
		A50C64192183681F00E9DEAD /* main.c in Sources */ = {isa = PBXBuildFile; fileRef = A50C64182183681F00E9DEAD /* main.c */; };
		A50C64212183700300E9DEAD /* pointer_basic.c in Sources */ = {isa = PBXBuildFile; fileRef = A50C64202183700300E9DEAD /* pointer_basic.c */; };
		A50C6424218378DE00E9DEAD /* pointer_and_array.c in Sources */ = {isa = PBXBuildFile; fileRef = A50C6423218378DE00E9DEAD /* pointer_and_array.c */; };
		A52AD38B21843F000077B803 /* pointer_and_function.c in Sources */ = {isa = PBXBuildFile; fileRef = A52AD38A21843F000077B803 /* pointer_and_function.c */; };
/* End PBXBuildFile section */

/* Begin PBXCopyFilesBuildPhase section */
		A50C64132183681F00E9DEAD /* CopyFiles */ = {
			isa = PBXCopyFilesBuildPhase;
			buildActionMask = 2147483647;
			dstPath = /usr/share/man/man1/;
			dstSubfolderSpec = 0;
			files = (
			);
			runOnlyForDeploymentPostprocessing = 1;
		};
/* End PBXCopyFilesBuildPhase section */

/* Begin PBXFileReference section */
		A50C64152183681F00E9DEAD /* c-practice */ = {isa = PBXFileReference; explicitFileType = "compiled.mach-o.executable"; includeInIndex = 0; path = "c-practice"; sourceTree = BUILT_PRODUCTS_DIR; };
		A50C64182183681F00E9DEAD /* main.c */ = {isa = PBXFileReference; lastKnownFileType = sourcecode.c.c; path = main.c; sourceTree = "<group>"; };
		A50C641F2183700300E9DEAD /* pointer_basic.h */ = {isa = PBXFileReference; lastKnownFileType = sourcecode.c.h; path = pointer_basic.h; sourceTree = "<group>"; };
		A50C64202183700300E9DEAD /* pointer_basic.c */ = {isa = PBXFileReference; lastKnownFileType = sourcecode.c.c; path = pointer_basic.c; sourceTree = "<group>"; };
		A50C6422218378DE00E9DEAD /* pointer_and_array.h */ = {isa = PBXFileReference; lastKnownFileType = sourcecode.c.h; path = pointer_and_array.h; sourceTree = "<group>"; };
		A50C6423218378DE00E9DEAD /* pointer_and_array.c */ = {isa = PBXFileReference; lastKnownFileType = sourcecode.c.c; path = pointer_and_array.c; sourceTree = "<group>"; };
		A52AD38921843F000077B803 /* pointer_and_function.h */ = {isa = PBXFileReference; lastKnownFileType = sourcecode.c.h; path = pointer_and_function.h; sourceTree = "<group>"; };
		A52AD38A21843F000077B803 /* pointer_and_function.c */ = {isa = PBXFileReference; lastKnownFileType = sourcecode.c.c; path = pointer_and_function.c; sourceTree = "<group>"; };
/* End PBXFileReference section */

/* Begin PBXFrameworksBuildPhase section */
		A50C64122183681F00E9DEAD /* Frameworks */ = {
			isa = PBXFrameworksBuildPhase;
			buildActionMask = 2147483647;
			files = (
			);
			runOnlyForDeploymentPostprocessing = 0;
		};
/* End PBXFrameworksBuildPhase section */

/* Begin PBXGroup section */
		A50C640C2183681F00E9DEAD = {
			isa = PBXGroup;
			children = (
				A50C64172183681F00E9DEAD /* c-practice */,
				A50C64162183681F00E9DEAD /* Products */,
			);
			sourceTree = "<group>";
		};
		A50C64162183681F00E9DEAD /* Products */ = {
			isa = PBXGroup;
			children = (
				A50C64152183681F00E9DEAD /* c-practice */,
			);
			name = Products;
			sourceTree = "<group>";
		};
		A50C64172183681F00E9DEAD /* c-practice */ = {
			isa = PBXGroup;
			children = (
				A50C64182183681F00E9DEAD /* main.c */,
				A50C641F2183700300E9DEAD /* pointer_basic.h */,
				A50C64202183700300E9DEAD /* pointer_basic.c */,
				A50C6422218378DE00E9DEAD /* pointer_and_array.h */,
				A50C6423218378DE00E9DEAD /* pointer_and_array.c */,
				A52AD38921843F000077B803 /* pointer_and_function.h */,
				A52AD38A21843F000077B803 /* pointer_and_function.c */,
			);
			path = "c-practice";
			sourceTree = "<group>";
		};
/* End PBXGroup section */

/* Begin PBXNativeTarget section */
		A50C64142183681F00E9DEAD /* c-practice */ = {
			isa = PBXNativeTarget;
			buildConfigurationList = A50C641C2183681F00E9DEAD /* Build configuration list for PBXNativeTarget "c-practice" */;
			buildPhases = (
				A50C64112183681F00E9DEAD /* Sources */,
				A50C64122183681F00E9DEAD /* Frameworks */,
				A50C64132183681F00E9DEAD /* CopyFiles */,
			);
			buildRules = (
			);
			dependencies = (
			);
			name = "c-practice";
			productName = "c-practice";
			productReference = A50C64152183681F00E9DEAD /* c-practice */;
			productType = "com.apple.product-type.tool";
		};
/* End PBXNativeTarget section */

/* Begin PBXProject section */
		A50C640D2183681F00E9DEAD /* Project object */ = {
			isa = PBXProject;
			attributes = {
				LastUpgradeCheck = 1000;
				ORGANIZATIONNAME = sexyjoon;
				TargetAttributes = {
					A50C64142183681F00E9DEAD = {
						CreatedOnToolsVersion = 10.0;
					};
				};
			};
			buildConfigurationList = A50C64102183681F00E9DEAD /* Build configuration list for PBXProject "c-practice" */;
			compatibilityVersion = "Xcode 9.3";
			developmentRegion = en;
			hasScannedForEncodings = 0;
			knownRegions = (
				en,
			);
			mainGroup = A50C640C2183681F00E9DEAD;
			productRefGroup = A50C64162183681F00E9DEAD /* Products */;
			projectDirPath = "";
			projectRoot = "";
			targets = (
				A50C64142183681F00E9DEAD /* c-practice */,
			);
		};
/* End PBXProject section */

/* Begin PBXSourcesBuildPhase section */
		A50C64112183681F00E9DEAD /* Sources */ = {
			isa = PBXSourcesBuildPhase;
			buildActionMask = 2147483647;
			files = (
				A50C6424218378DE00E9DEAD /* pointer_and_array.c in Sources */,
				A50C64212183700300E9DEAD /* pointer_basic.c in Sources */,
				A50C64192183681F00E9DEAD /* main.c in Sources */,
				A52AD38B21843F000077B803 /* pointer_and_function.c in Sources */,
			);
			runOnlyForDeploymentPostprocessing = 0;
		};
/* End PBXSourcesBuildPhase section */

/* Begin XCBuildConfiguration section */
		A50C641A2183681F00E9DEAD /* Debug */ = {
			isa = XCBuildConfiguration;
			buildSettings = {
				ALWAYS_SEARCH_USER_PATHS = NO;
				CLANG_ANALYZER_NONNULL = YES;
				CLANG_ANALYZER_NUMBER_OBJECT_CONVERSION = YES_AGGRESSIVE;
				CLANG_CXX_LANGUAGE_STANDARD = "gnu++14";
				CLANG_CXX_LIBRARY = "libc++";
				CLANG_ENABLE_MODULES = YES;
				CLANG_ENABLE_OBJC_ARC = YES;
				CLANG_ENABLE_OBJC_WEAK = YES;
				CLANG_WARN_BLOCK_CAPTURE_AUTORELEASING = YES;
				CLANG_WARN_BOOL_CONVERSION = YES;
				CLANG_WARN_COMMA = YES;
				CLANG_WARN_CONSTANT_CONVERSION = YES;
				CLANG_WARN_DEPRECATED_OBJC_IMPLEMENTATIONS = YES;
				CLANG_WARN_DIRECT_OBJC_ISA_USAGE = YES_ERROR;
				CLANG_WARN_DOCUMENTATION_COMMENTS = YES;
				CLANG_WARN_EMPTY_BODY = YES;
				CLANG_WARN_ENUM_CONVERSION = YES;
				CLANG_WARN_INFINITE_RECURSION = YES;
				CLANG_WARN_INT_CONVERSION = YES;
				CLANG_WARN_NON_LITERAL_NULL_CONVERSION = YES;
				CLANG_WARN_OBJC_IMPLICIT_RETAIN_SELF = YES;
				CLANG_WARN_OBJC_LITERAL_CONVERSION = YES;
				CLANG_WARN_OBJC_ROOT_CLASS = YES_ERROR;
				CLANG_WARN_RANGE_LOOP_ANALYSIS = YES;
				CLANG_WARN_STRICT_PROTOTYPES = YES;
				CLANG_WARN_SUSPICIOUS_MOVE = YES;
				CLANG_WARN_UNGUARDED_AVAILABILITY = YES_AGGRESSIVE;
				CLANG_WARN_UNREACHABLE_CODE = YES;
				CLANG_WARN__DUPLICATE_METHOD_MATCH = YES;
				CODE_SIGN_IDENTITY = "-";
				COPY_PHASE_STRIP = NO;
				DEBUG_INFORMATION_FORMAT = dwarf;
				ENABLE_STRICT_OBJC_MSGSEND = YES;
				ENABLE_TESTABILITY = YES;
				GCC_C_LANGUAGE_STANDARD = gnu11;
				GCC_DYNAMIC_NO_PIC = NO;
				GCC_NO_COMMON_BLOCKS = YES;
				GCC_OPTIMIZATION_LEVEL = 0;
				GCC_PREPROCESSOR_DEFINITIONS = (
					"DEBUG=1",
					"$(inherited)",
				);
				GCC_WARN_64_TO_32_BIT_CONVERSION = YES;
				GCC_WARN_ABOUT_RETURN_TYPE = YES_ERROR;
				GCC_WARN_UNDECLARED_SELECTOR = YES;
				GCC_WARN_UNINITIALIZED_AUTOS = YES_AGGRESSIVE;
				GCC_WARN_UNUSED_FUNCTION = YES;
				GCC_WARN_UNUSED_VARIABLE = YES;
				MACOSX_DEPLOYMENT_TARGET = 10.14;
				MTL_ENABLE_DEBUG_INFO = INCLUDE_SOURCE;
				MTL_FAST_MATH = YES;
				ONLY_ACTIVE_ARCH = YES;
				SDKROOT = macosx;
			};
			name = Debug;
		};
		A50C641B2183681F00E9DEAD /* Release */ = {
			isa = XCBuildConfiguration;
			buildSettings = {
				ALWAYS_SEARCH_USER_PATHS = NO;
				CLANG_ANALYZER_NONNULL = YES;
				CLANG_ANALYZER_NUMBER_OBJECT_CONVERSION = YES_AGGRESSIVE;
				CLANG_CXX_LANGUAGE_STANDARD = "gnu++14";
				CLANG_CXX_LIBRARY = "libc++";
				CLANG_ENABLE_MODULES = YES;
				CLANG_ENABLE_OBJC_ARC = YES;
				CLANG_ENABLE_OBJC_WEAK = YES;
				CLANG_WARN_BLOCK_CAPTURE_AUTORELEASING = YES;
				CLANG_WARN_BOOL_CONVERSION = YES;
				CLANG_WARN_COMMA = YES;
				CLANG_WARN_CONSTANT_CONVERSION = YES;
				CLANG_WARN_DEPRECATED_OBJC_IMPLEMENTATIONS = YES;
				CLANG_WARN_DIRECT_OBJC_ISA_USAGE = YES_ERROR;
				CLANG_WARN_DOCUMENTATION_COMMENTS = YES;
				CLANG_WARN_EMPTY_BODY = YES;
				CLANG_WARN_ENUM_CONVERSION = YES;
				CLANG_WARN_INFINITE_RECURSION = YES;
				CLANG_WARN_INT_CONVERSION = YES;
				CLANG_WARN_NON_LITERAL_NULL_CONVERSION = YES;
				CLANG_WARN_OBJC_IMPLICIT_RETAIN_SELF = YES;
				CLANG_WARN_OBJC_LITERAL_CONVERSION = YES;
				CLANG_WARN_OBJC_ROOT_CLASS = YES_ERROR;
				CLANG_WARN_RANGE_LOOP_ANALYSIS = YES;
				CLANG_WARN_STRICT_PROTOTYPES = YES;
				CLANG_WARN_SUSPICIOUS_MOVE = YES;
				CLANG_WARN_UNGUARDED_AVAILABILITY = YES_AGGRESSIVE;
				CLANG_WARN_UNREACHABLE_CODE = YES;
				CLANG_WARN__DUPLICATE_METHOD_MATCH = YES;
				CODE_SIGN_IDENTITY = "-";
				COPY_PHASE_STRIP = NO;
				DEBUG_INFORMATION_FORMAT = "dwarf-with-dsym";
				ENABLE_NS_ASSERTIONS = NO;
				ENABLE_STRICT_OBJC_MSGSEND = YES;
				GCC_C_LANGUAGE_STANDARD = gnu11;
				GCC_NO_COMMON_BLOCKS = YES;
				GCC_WARN_64_TO_32_BIT_CONVERSION = YES;
				GCC_WARN_ABOUT_RETURN_TYPE = YES_ERROR;
				GCC_WARN_UNDECLARED_SELECTOR = YES;
				GCC_WARN_UNINITIALIZED_AUTOS = YES_AGGRESSIVE;
				GCC_WARN_UNUSED_FUNCTION = YES;
				GCC_WARN_UNUSED_VARIABLE = YES;
				MACOSX_DEPLOYMENT_TARGET = 10.14;
				MTL_ENABLE_DEBUG_INFO = NO;
				MTL_FAST_MATH = YES;
				SDKROOT = macosx;
			};
			name = Release;
		};
		A50C641D2183681F00E9DEAD /* Debug */ = {
			isa = XCBuildConfiguration;
			buildSettings = {
				CODE_SIGN_STYLE = Automatic;
				PRODUCT_NAME = "$(TARGET_NAME)";
			};
			name = Debug;
		};
		A50C641E2183681F00E9DEAD /* Release */ = {
			isa = XCBuildConfiguration;
			buildSettings = {
				CODE_SIGN_STYLE = Automatic;
				PRODUCT_NAME = "$(TARGET_NAME)";
			};
			name = Release;
		};
/* End XCBuildConfiguration section */

/* Begin XCConfigurationList section */
		A50C64102183681F00E9DEAD /* Build configuration list for PBXProject "c-practice" */ = {
			isa = XCConfigurationList;
			buildConfigurations = (
				A50C641A2183681F00E9DEAD /* Debug */,
				A50C641B2183681F00E9DEAD /* Release */,
			);
			defaultConfigurationIsVisible = 0;
			defaultConfigurationName = Release;
		};
		A50C641C2183681F00E9DEAD /* Build configuration list for PBXNativeTarget "c-practice" */ = {
			isa = XCConfigurationList;
			buildConfigurations = (
				A50C641D2183681F00E9DEAD /* Debug */,
				A50C641E2183681F00E9DEAD /* Release */,
			);
			defaultConfigurationIsVisible = 0;
			defaultConfigurationName = Release;
		};
/* End XCConfigurationList section */
	};
	rootObject = A50C640D2183681F00E9DEAD /* Project object */;
}
